{
  "name": "statcalc",
  "version": "1.0.2",
  "lockfileVersion": 2,
  "requires": true,
  "packages": {
    "": {
      "name": "statcalc",
      "version": "1.0.2",
      "license": "ISC",
      "dependencies": {
        "statcalc": "^1.0.0"
      }
    },
    "node_modules/statcalc": {
      "version": "1.0.2",
      "resolved": "https://registry.npmjs.org/statcalc/-/statcalc-1.0.2.tgz",
      "integrity": "sha512-kaeP3I4ahNJqZWMLLY/Kgc87OGypCpHCqr7pZQlIsoU/ZQhXH7Cr+2lYQ3ddHxQXb6TcQzVAeZ/VzmoXsDboUg==",
      "dependencies": {
        "statcalc": "^1.0.0"
      }
    }
  },
  "dependencies": {
    "statcalc": {
      "version": "1.0.2",
      "resolved": "https://registry.npmjs.org/statcalc/-/statcalc-1.0.2.tgz",
      "integrity": "sha512-kaeP3I4ahNJqZWMLLY/Kgc87OGypCpHCqr7pZQlIsoU/ZQhXH7Cr+2lYQ3ddHxQXb6TcQzVAeZ/VzmoXsDboUg==",
      "requires": {
        "statcalc": "^1.0.0"
      }
    }
  }
}
